// !$*UTF8*$!
{
	archiveVersion = 1;
	classes = {
	};
	objectVersion = 55;
	objects = {

/* Begin PBXBuildFile section */
		522E9F245B9B52EF78BD3282 /* Pods_RocketXsLaunchiOS_RocketXsLaunchiOSTests.framework in Frameworks */ = {isa = PBXBuildFile; fileRef = 10CAB669EE9DFC941B73BE83 /* Pods_RocketXsLaunchiOS_RocketXsLaunchiOSTests.framework */; };
		7ECCE2D15FE7D33AA4289E86 /* Pods_RocketXsLaunch_RocketXsLaunchTests.framework in Frameworks */ = {isa = PBXBuildFile; fileRef = 59E54CCF295ED300AEBA63DC /* Pods_RocketXsLaunch_RocketXsLaunchTests.framework */; };
		A13BAD84278A13110033FC8E /* RemoteLoaderTests.swift in Sources */ = {isa = PBXBuildFile; fileRef = A13BAD83278A13110033FC8E /* RemoteLoaderTests.swift */; };
		A13BAD87278AB4220033FC8E /* HTTPClient.swift in Sources */ = {isa = PBXBuildFile; fileRef = A13BAD86278AB4220033FC8E /* HTTPClient.swift */; };
		A13BAD89278AB4AC0033FC8E /* RemoteLoader.swift in Sources */ = {isa = PBXBuildFile; fileRef = A13BAD88278AB4AC0033FC8E /* RemoteLoader.swift */; };
		A13BAD8D278AC8130033FC8E /* HTTPClientWrapperTests.swift in Sources */ = {isa = PBXBuildFile; fileRef = A13BAD8C278AC8130033FC8E /* HTTPClientWrapperTests.swift */; };
		A13BAD8F278ACA930033FC8E /* HTTPClientWrapper.swift in Sources */ = {isa = PBXBuildFile; fileRef = A13BAD8E278ACA930033FC8E /* HTTPClientWrapper.swift */; };
		A1644A63278BBB730071FF81 /* XCTTestCase+MemoryTracking.swift in Sources */ = {isa = PBXBuildFile; fileRef = A1644A62278BBB730071FF81 /* XCTTestCase+MemoryTracking.swift */; };
		A1644A65278BBF770071FF81 /* LaunchMapperTests.swift in Sources */ = {isa = PBXBuildFile; fileRef = A1644A64278BBF770071FF81 /* LaunchMapperTests.swift */; };
		A1644A68278BCC9B0071FF81 /* HTTPClientSpy.swift in Sources */ = {isa = PBXBuildFile; fileRef = A1644A67278BCC9B0071FF81 /* HTTPClientSpy.swift */; };
		A166E83D278C21EA001DF5C5 /* LaunchAPIModel.swift in Sources */ = {isa = PBXBuildFile; fileRef = A166E83C278C21EA001DF5C5 /* LaunchAPIModel.swift */; };
		A166E83F278C2945001DF5C5 /* LaunchAPIModelMapper.swift in Sources */ = {isa = PBXBuildFile; fileRef = A166E83E278C2945001DF5C5 /* LaunchAPIModelMapper.swift */; };
		A180FEEE278DBF0600990F95 /* RocketXsLaunch.framework in Frameworks */ = {isa = PBXBuildFile; fileRef = A18ACE6A2789B55F0004A3FE /* RocketXsLaunch.framework */; };
		A180FEEF278DBF0600990F95 /* RocketXsLaunch.framework in Embed Frameworks */ = {isa = PBXBuildFile; fileRef = A18ACE6A2789B55F0004A3FE /* RocketXsLaunch.framework */; settings = {ATTRIBUTES = (CodeSignOnCopy, RemoveHeadersOnCopy, ); }; };
		A18ACE732789B5600004A3FE /* RocketXsLaunch.framework in Frameworks */ = {isa = PBXBuildFile; fileRef = A18ACE6A2789B55F0004A3FE /* RocketXsLaunch.framework */; };
		A18ACE842789BEFA0004A3FE /* LaunchTests.swift in Sources */ = {isa = PBXBuildFile; fileRef = A18ACE832789BEFA0004A3FE /* LaunchTests.swift */; };
		A18ACE872789FFE40004A3FE /* Launch.swift in Sources */ = {isa = PBXBuildFile; fileRef = A18ACE862789FFE40004A3FE /* Launch.swift */; };
		A18E83B1278D8B5300D8CDE5 /* Pods_RocketXsLaunchiOS.framework in Frameworks */ = {isa = PBXBuildFile; fileRef = A18E83B0278D8B5300D8CDE5 /* Pods_RocketXsLaunchiOS.framework */; };
		A18E83B2278D8B5300D8CDE5 /* Pods_RocketXsLaunchiOS.framework in Embed Frameworks */ = {isa = PBXBuildFile; fileRef = A18E83B0278D8B5300D8CDE5 /* Pods_RocketXsLaunchiOS.framework */; settings = {ATTRIBUTES = (CodeSignOnCopy, RemoveHeadersOnCopy, ); }; };
		A1ACE803278D2ADA0027BD9A /* RocketXsLaunchiOS.framework in Frameworks */ = {isa = PBXBuildFile; fileRef = A1ACE7FB278D2ADA0027BD9A /* RocketXsLaunchiOS.framework */; };
		A1ACE808278D2ADA0027BD9A /* RocketXsLaunchiOSTests.swift in Sources */ = {isa = PBXBuildFile; fileRef = A1ACE807278D2ADA0027BD9A /* RocketXsLaunchiOSTests.swift */; };
		A1CA9296278DE1DD005A9570 /* Launches.storyboard in Resources */ = {isa = PBXBuildFile; fileRef = A1CA9295278DE1DD005A9570 /* Launches.storyboard */; };
		A1CA9298278DE206005A9570 /* LaunchesViewController.swift in Sources */ = {isa = PBXBuildFile; fileRef = A1CA9297278DE206005A9570 /* LaunchesViewController.swift */; };
		A1CA929A278DE996005A9570 /* Helper.swift in Sources */ = {isa = PBXBuildFile; fileRef = A1CA9299278DE996005A9570 /* Helper.swift */; };
		A1CA929C278DFAD2005A9570 /* Loader.swift in Sources */ = {isa = PBXBuildFile; fileRef = A1CA929B278DFAD2005A9570 /* Loader.swift */; };
		A1CA929F278DFB9A005A9570 /* LoaderSpy.swift in Sources */ = {isa = PBXBuildFile; fileRef = A1CA929E278DFB9A005A9570 /* LoaderSpy.swift */; };
		A1CA92A1278DFEAE005A9570 /* LaunchTableViewCell.swift in Sources */ = {isa = PBXBuildFile; fileRef = A1CA92A0278DFEAE005A9570 /* LaunchTableViewCell.swift */; };
		A1CA92A3278E06A1005A9570 /* LaunchViewModel.swift in Sources */ = {isa = PBXBuildFile; fileRef = A1CA92A2278E06A1005A9570 /* LaunchViewModel.swift */; };
		A1CA92C9278E10A5005A9570 /* RocketDetailsViewController.swift in Sources */ = {isa = PBXBuildFile; fileRef = A1CA92C8278E10A5005A9570 /* RocketDetailsViewController.swift */; };
		A5AC934396EDB87E152B9077 /* Pods_RocketXsLaunch.framework in Frameworks */ = {isa = PBXBuildFile; fileRef = B5DDA12E89998D11812C2AE8 /* Pods_RocketXsLaunch.framework */; };
		FAEF96E9506B5150C1C2EC4D /* Pods_RocketXsLaunchiOS_RocketXsLaunchiOSTests.framework in Frameworks */ = {isa = PBXBuildFile; fileRef = A18E83AC278D8B3500D8CDE5 /* Pods_RocketXsLaunchiOS_RocketXsLaunchiOSTests.framework */; };
/* End PBXBuildFile section */

/* Begin PBXContainerItemProxy section */
		A180FEF0278DBF0600990F95 /* PBXContainerItemProxy */ = {
			isa = PBXContainerItemProxy;
			containerPortal = A18ACE612789B55F0004A3FE /* Project object */;
			proxyType = 1;
			remoteGlobalIDString = A18ACE692789B55F0004A3FE;
			remoteInfo = RocketXsLaunch;
		};
		A18ACE742789B5600004A3FE /* PBXContainerItemProxy */ = {
			isa = PBXContainerItemProxy;
			containerPortal = A18ACE612789B55F0004A3FE /* Project object */;
			proxyType = 1;
			remoteGlobalIDString = A18ACE692789B55F0004A3FE;
			remoteInfo = RocketXsLaunch;
		};
		A1ACE804278D2ADA0027BD9A /* PBXContainerItemProxy */ = {
			isa = PBXContainerItemProxy;
			containerPortal = A18ACE612789B55F0004A3FE /* Project object */;
			proxyType = 1;
			remoteGlobalIDString = A1ACE7FA278D2ADA0027BD9A;
			remoteInfo = RocketXsLaunchiOS;
		};
/* End PBXContainerItemProxy section */

/* Begin PBXCopyFilesBuildPhase section */
		A18E83B3278D8B5300D8CDE5 /* Embed Frameworks */ = {
			isa = PBXCopyFilesBuildPhase;
			buildActionMask = 2147483647;
			dstPath = "";
			dstSubfolderSpec = 10;
			files = (
				A180FEEF278DBF0600990F95 /* RocketXsLaunch.framework in Embed Frameworks */,
				A18E83B2278D8B5300D8CDE5 /* Pods_RocketXsLaunchiOS.framework in Embed Frameworks */,
			);
			name = "Embed Frameworks";
			runOnlyForDeploymentPostprocessing = 0;
		};
/* End PBXCopyFilesBuildPhase section */

/* Begin PBXFileReference section */
		07F4218A6E479DAC88E3E4EA /* Pods-RocketXsLaunch-RocketXsLaunchTests.debug.xcconfig */ = {isa = PBXFileReference; includeInIndex = 1; lastKnownFileType = text.xcconfig; name = "Pods-RocketXsLaunch-RocketXsLaunchTests.debug.xcconfig"; path = "Target Support Files/Pods-RocketXsLaunch-RocketXsLaunchTests/Pods-RocketXsLaunch-RocketXsLaunchTests.debug.xcconfig"; sourceTree = "<group>"; };
		10CAB669EE9DFC941B73BE83 /* Pods_RocketXsLaunchiOS_RocketXsLaunchiOSTests.framework */ = {isa = PBXFileReference; explicitFileType = wrapper.framework; includeInIndex = 0; path = Pods_RocketXsLaunchiOS_RocketXsLaunchiOSTests.framework; sourceTree = BUILT_PRODUCTS_DIR; };
		140F8BA78564256E3DDA4C37 /* Pods-RocketXsLaunchiOS-RocketXsLaunchiOSTests.debug.xcconfig */ = {isa = PBXFileReference; includeInIndex = 1; lastKnownFileType = text.xcconfig; name = "Pods-RocketXsLaunchiOS-RocketXsLaunchiOSTests.debug.xcconfig"; path = "Target Support Files/Pods-RocketXsLaunchiOS-RocketXsLaunchiOSTests/Pods-RocketXsLaunchiOS-RocketXsLaunchiOSTests.debug.xcconfig"; sourceTree = "<group>"; };
		159631CABF4930774B202CB4 /* Pods-RocketXsLaunch-RocketXsLaunchTests.release.xcconfig */ = {isa = PBXFileReference; includeInIndex = 1; lastKnownFileType = text.xcconfig; name = "Pods-RocketXsLaunch-RocketXsLaunchTests.release.xcconfig"; path = "Target Support Files/Pods-RocketXsLaunch-RocketXsLaunchTests/Pods-RocketXsLaunch-RocketXsLaunchTests.release.xcconfig"; sourceTree = "<group>"; };
		16D73CE8747C504BDD1002B4 /* Pods_RocketXsLaunchiOS.framework */ = {isa = PBXFileReference; explicitFileType = wrapper.framework; includeInIndex = 0; path = Pods_RocketXsLaunchiOS.framework; sourceTree = BUILT_PRODUCTS_DIR; };
		346EF52D7ED92E59399F5B58 /* Pods-RocketXsLaunchiOS.debug.xcconfig */ = {isa = PBXFileReference; includeInIndex = 1; lastKnownFileType = text.xcconfig; name = "Pods-RocketXsLaunchiOS.debug.xcconfig"; path = "Target Support Files/Pods-RocketXsLaunchiOS/Pods-RocketXsLaunchiOS.debug.xcconfig"; sourceTree = "<group>"; };
		472F9E88019A4F6513D37706 /* Pods-RocketXsLaunchiOS-RocketXsLaunchiOSTests.release.xcconfig */ = {isa = PBXFileReference; includeInIndex = 1; lastKnownFileType = text.xcconfig; name = "Pods-RocketXsLaunchiOS-RocketXsLaunchiOSTests.release.xcconfig"; path = "Target Support Files/Pods-RocketXsLaunchiOS-RocketXsLaunchiOSTests/Pods-RocketXsLaunchiOS-RocketXsLaunchiOSTests.release.xcconfig"; sourceTree = "<group>"; };
		4F18538059C42DD7364D6EF5 /* Pods-RocketXsLaunchiOS.release.xcconfig */ = {isa = PBXFileReference; includeInIndex = 1; lastKnownFileType = text.xcconfig; name = "Pods-RocketXsLaunchiOS.release.xcconfig"; path = "Target Support Files/Pods-RocketXsLaunchiOS/Pods-RocketXsLaunchiOS.release.xcconfig"; sourceTree = "<group>"; };
		59E54CCF295ED300AEBA63DC /* Pods_RocketXsLaunch_RocketXsLaunchTests.framework */ = {isa = PBXFileReference; explicitFileType = wrapper.framework; includeInIndex = 0; path = Pods_RocketXsLaunch_RocketXsLaunchTests.framework; sourceTree = BUILT_PRODUCTS_DIR; };
		8A9398692A8533FEF5BCDC6A /* Pods-RocketXsLaunch.debug.xcconfig */ = {isa = PBXFileReference; includeInIndex = 1; lastKnownFileType = text.xcconfig; name = "Pods-RocketXsLaunch.debug.xcconfig"; path = "Target Support Files/Pods-RocketXsLaunch/Pods-RocketXsLaunch.debug.xcconfig"; sourceTree = "<group>"; };
		8C9991978F081C1F7A473C73 /* Pods-RocketXsLaunch.release.xcconfig */ = {isa = PBXFileReference; includeInIndex = 1; lastKnownFileType = text.xcconfig; name = "Pods-RocketXsLaunch.release.xcconfig"; path = "Target Support Files/Pods-RocketXsLaunch/Pods-RocketXsLaunch.release.xcconfig"; sourceTree = "<group>"; };
		A13BAD83278A13110033FC8E /* RemoteLoaderTests.swift */ = {isa = PBXFileReference; lastKnownFileType = sourcecode.swift; path = RemoteLoaderTests.swift; sourceTree = "<group>"; };
		A13BAD86278AB4220033FC8E /* HTTPClient.swift */ = {isa = PBXFileReference; lastKnownFileType = sourcecode.swift; path = HTTPClient.swift; sourceTree = "<group>"; };
		A13BAD88278AB4AC0033FC8E /* RemoteLoader.swift */ = {isa = PBXFileReference; lastKnownFileType = sourcecode.swift; path = RemoteLoader.swift; sourceTree = "<group>"; };
		A13BAD8C278AC8130033FC8E /* HTTPClientWrapperTests.swift */ = {isa = PBXFileReference; lastKnownFileType = sourcecode.swift; path = HTTPClientWrapperTests.swift; sourceTree = "<group>"; };
		A13BAD8E278ACA930033FC8E /* HTTPClientWrapper.swift */ = {isa = PBXFileReference; lastKnownFileType = sourcecode.swift; path = HTTPClientWrapper.swift; sourceTree = "<group>"; };
		A1644A62278BBB730071FF81 /* XCTTestCase+MemoryTracking.swift */ = {isa = PBXFileReference; lastKnownFileType = sourcecode.swift; path = "XCTTestCase+MemoryTracking.swift"; sourceTree = "<group>"; };
		A1644A64278BBF770071FF81 /* LaunchMapperTests.swift */ = {isa = PBXFileReference; lastKnownFileType = sourcecode.swift; path = LaunchMapperTests.swift; sourceTree = "<group>"; };
		A1644A67278BCC9B0071FF81 /* HTTPClientSpy.swift */ = {isa = PBXFileReference; lastKnownFileType = sourcecode.swift; path = HTTPClientSpy.swift; sourceTree = "<group>"; };
		A166E83C278C21EA001DF5C5 /* LaunchAPIModel.swift */ = {isa = PBXFileReference; lastKnownFileType = sourcecode.swift; path = LaunchAPIModel.swift; sourceTree = "<group>"; };
		A166E83E278C2945001DF5C5 /* LaunchAPIModelMapper.swift */ = {isa = PBXFileReference; lastKnownFileType = sourcecode.swift; path = LaunchAPIModelMapper.swift; sourceTree = "<group>"; };
		A18ACE6A2789B55F0004A3FE /* RocketXsLaunch.framework */ = {isa = PBXFileReference; explicitFileType = wrapper.framework; includeInIndex = 0; path = RocketXsLaunch.framework; sourceTree = BUILT_PRODUCTS_DIR; };
		A18ACE722789B5600004A3FE /* RocketXsLaunchTests.xctest */ = {isa = PBXFileReference; explicitFileType = wrapper.cfbundle; includeInIndex = 0; path = RocketXsLaunchTests.xctest; sourceTree = BUILT_PRODUCTS_DIR; };
		A18ACE832789BEFA0004A3FE /* LaunchTests.swift */ = {isa = PBXFileReference; lastKnownFileType = sourcecode.swift; path = LaunchTests.swift; sourceTree = "<group>"; };
		A18ACE862789FFE40004A3FE /* Launch.swift */ = {isa = PBXFileReference; lastKnownFileType = sourcecode.swift; path = Launch.swift; sourceTree = "<group>"; };
		A18E83AC278D8B3500D8CDE5 /* Pods_RocketXsLaunchiOS_RocketXsLaunchiOSTests.framework */ = {isa = PBXFileReference; explicitFileType = wrapper.framework; path = Pods_RocketXsLaunchiOS_RocketXsLaunchiOSTests.framework; sourceTree = BUILT_PRODUCTS_DIR; };
		A18E83B0278D8B5300D8CDE5 /* Pods_RocketXsLaunchiOS.framework */ = {isa = PBXFileReference; explicitFileType = wrapper.framework; path = Pods_RocketXsLaunchiOS.framework; sourceTree = BUILT_PRODUCTS_DIR; };
		A1ACE7FB278D2ADA0027BD9A /* RocketXsLaunchiOS.framework */ = {isa = PBXFileReference; explicitFileType = wrapper.framework; includeInIndex = 0; path = RocketXsLaunchiOS.framework; sourceTree = BUILT_PRODUCTS_DIR; };
		A1ACE802278D2ADA0027BD9A /* RocketXsLaunchiOSTests.xctest */ = {isa = PBXFileReference; explicitFileType = wrapper.cfbundle; includeInIndex = 0; path = RocketXsLaunchiOSTests.xctest; sourceTree = BUILT_PRODUCTS_DIR; };
		A1ACE807278D2ADA0027BD9A /* RocketXsLaunchiOSTests.swift */ = {isa = PBXFileReference; lastKnownFileType = sourcecode.swift; path = RocketXsLaunchiOSTests.swift; sourceTree = "<group>"; };
		A1CA9295278DE1DD005A9570 /* Launches.storyboard */ = {isa = PBXFileReference; lastKnownFileType = file.storyboard; path = Launches.storyboard; sourceTree = "<group>"; };
		A1CA9297278DE206005A9570 /* LaunchesViewController.swift */ = {isa = PBXFileReference; lastKnownFileType = sourcecode.swift; path = LaunchesViewController.swift; sourceTree = "<group>"; };
		A1CA9299278DE996005A9570 /* Helper.swift */ = {isa = PBXFileReference; lastKnownFileType = sourcecode.swift; path = Helper.swift; sourceTree = "<group>"; };
		A1CA929B278DFAD2005A9570 /* Loader.swift */ = {isa = PBXFileReference; lastKnownFileType = sourcecode.swift; path = Loader.swift; sourceTree = "<group>"; };
		A1CA929E278DFB9A005A9570 /* LoaderSpy.swift */ = {isa = PBXFileReference; lastKnownFileType = sourcecode.swift; path = LoaderSpy.swift; sourceTree = "<group>"; };
		A1CA92A0278DFEAE005A9570 /* LaunchTableViewCell.swift */ = {isa = PBXFileReference; lastKnownFileType = sourcecode.swift; path = LaunchTableViewCell.swift; sourceTree = "<group>"; };
		A1CA92A2278E06A1005A9570 /* LaunchViewModel.swift */ = {isa = PBXFileReference; lastKnownFileType = sourcecode.swift; path = LaunchViewModel.swift; sourceTree = "<group>"; };
		A1CA92C8278E10A5005A9570 /* RocketDetailsViewController.swift */ = {isa = PBXFileReference; lastKnownFileType = sourcecode.swift; path = RocketDetailsViewController.swift; sourceTree = "<group>"; };
		B5DDA12E89998D11812C2AE8 /* Pods_RocketXsLaunch.framework */ = {isa = PBXFileReference; explicitFileType = wrapper.framework; includeInIndex = 0; path = Pods_RocketXsLaunch.framework; sourceTree = BUILT_PRODUCTS_DIR; };
/* End PBXFileReference section */

/* Begin PBXFrameworksBuildPhase section */
		A18ACE672789B55F0004A3FE /* Frameworks */ = {
			isa = PBXFrameworksBuildPhase;
			buildActionMask = 2147483647;
			files = (
				A5AC934396EDB87E152B9077 /* Pods_RocketXsLaunch.framework in Frameworks */,
			);
			runOnlyForDeploymentPostprocessing = 0;
		};
		A18ACE6F2789B5600004A3FE /* Frameworks */ = {
			isa = PBXFrameworksBuildPhase;
			buildActionMask = 2147483647;
			files = (
				A18ACE732789B5600004A3FE /* RocketXsLaunch.framework in Frameworks */,
				7ECCE2D15FE7D33AA4289E86 /* Pods_RocketXsLaunch_RocketXsLaunchTests.framework in Frameworks */,
			);
			runOnlyForDeploymentPostprocessing = 0;
		};
		A1ACE7F8278D2ADA0027BD9A /* Frameworks */ = {
			isa = PBXFrameworksBuildPhase;
			buildActionMask = 2147483647;
			files = (
				A180FEEE278DBF0600990F95 /* RocketXsLaunch.framework in Frameworks */,
				A18E83B1278D8B5300D8CDE5 /* Pods_RocketXsLaunchiOS.framework in Frameworks */,
			);
			runOnlyForDeploymentPostprocessing = 0;
		};
		A1ACE7FF278D2ADA0027BD9A /* Frameworks */ = {
			isa = PBXFrameworksBuildPhase;
			buildActionMask = 2147483647;
			files = (
				A1ACE803278D2ADA0027BD9A /* RocketXsLaunchiOS.framework in Frameworks */,
				522E9F245B9B52EF78BD3282 /* Pods_RocketXsLaunchiOS_RocketXsLaunchiOSTests.framework in Frameworks */,
				FAEF96E9506B5150C1C2EC4D /* Pods_RocketXsLaunchiOS_RocketXsLaunchiOSTests.framework in Frameworks */,
			);
			runOnlyForDeploymentPostprocessing = 0;
		};
/* End PBXFrameworksBuildPhase section */

/* Begin PBXGroup section */
		0CB645AC00CD5A7786A2C0C8 /* Pods */ = {
			isa = PBXGroup;
			children = (
				8A9398692A8533FEF5BCDC6A /* Pods-RocketXsLaunch.debug.xcconfig */,
				8C9991978F081C1F7A473C73 /* Pods-RocketXsLaunch.release.xcconfig */,
				07F4218A6E479DAC88E3E4EA /* Pods-RocketXsLaunch-RocketXsLaunchTests.debug.xcconfig */,
				159631CABF4930774B202CB4 /* Pods-RocketXsLaunch-RocketXsLaunchTests.release.xcconfig */,
				346EF52D7ED92E59399F5B58 /* Pods-RocketXsLaunchiOS.debug.xcconfig */,
				4F18538059C42DD7364D6EF5 /* Pods-RocketXsLaunchiOS.release.xcconfig */,
				140F8BA78564256E3DDA4C37 /* Pods-RocketXsLaunchiOS-RocketXsLaunchiOSTests.debug.xcconfig */,
				472F9E88019A4F6513D37706 /* Pods-RocketXsLaunchiOS-RocketXsLaunchiOSTests.release.xcconfig */,
			);
			name = Pods;
			path = ../Pods;
			sourceTree = "<group>";
		};
		69419A22DE4911EABD228E1E /* Frameworks */ = {
			isa = PBXGroup;
			children = (
				A18E83B0278D8B5300D8CDE5 /* Pods_RocketXsLaunchiOS.framework */,
				A18E83AC278D8B3500D8CDE5 /* Pods_RocketXsLaunchiOS_RocketXsLaunchiOSTests.framework */,
				B5DDA12E89998D11812C2AE8 /* Pods_RocketXsLaunch.framework */,
				59E54CCF295ED300AEBA63DC /* Pods_RocketXsLaunch_RocketXsLaunchTests.framework */,
				16D73CE8747C504BDD1002B4 /* Pods_RocketXsLaunchiOS.framework */,
				10CAB669EE9DFC941B73BE83 /* Pods_RocketXsLaunchiOS_RocketXsLaunchiOSTests.framework */,
			);
			name = Frameworks;
			sourceTree = "<group>";
		};
		A13BAD85278AB3FF0033FC8E /* RemoteLoad */ = {
			isa = PBXGroup;
			children = (
				A166E83B278C2168001DF5C5 /* HTTPClient */,
				A13BAD88278AB4AC0033FC8E /* RemoteLoader.swift */,
				A166E83C278C21EA001DF5C5 /* LaunchAPIModel.swift */,
				A1CA929B278DFAD2005A9570 /* Loader.swift */,
			);
			path = RemoteLoad;
			sourceTree = "<group>";
		};
		A1644A66278BCC680071FF81 /* Helper */ = {
			isa = PBXGroup;
			children = (
				A1644A62278BBB730071FF81 /* XCTTestCase+MemoryTracking.swift */,
				A1644A67278BCC9B0071FF81 /* HTTPClientSpy.swift */,
			);
			path = Helper;
			sourceTree = "<group>";
		};
		A166E83B278C2168001DF5C5 /* HTTPClient */ = {
			isa = PBXGroup;
			children = (
				A13BAD86278AB4220033FC8E /* HTTPClient.swift */,
				A13BAD8E278ACA930033FC8E /* HTTPClientWrapper.swift */,
			);
			path = HTTPClient;
			sourceTree = "<group>";
		};
		A18ACE602789B55F0004A3FE = {
			isa = PBXGroup;
			children = (
				A18ACE6C2789B55F0004A3FE /* RocketXsLaunch */,
				A18ACE762789B5600004A3FE /* RocketXsLaunchTests */,
				A1ACE7FC278D2ADA0027BD9A /* RocketXsLaunchiOS */,
				A1ACE806278D2ADA0027BD9A /* RocketXsLaunchiOSTests */,
				A18ACE6B2789B55F0004A3FE /* Products */,
				69419A22DE4911EABD228E1E /* Frameworks */,
				0CB645AC00CD5A7786A2C0C8 /* Pods */,
			);
			sourceTree = "<group>";
		};
		A18ACE6B2789B55F0004A3FE /* Products */ = {
			isa = PBXGroup;
			children = (
				A18ACE6A2789B55F0004A3FE /* RocketXsLaunch.framework */,
				A18ACE722789B5600004A3FE /* RocketXsLaunchTests.xctest */,
				A1ACE7FB278D2ADA0027BD9A /* RocketXsLaunchiOS.framework */,
				A1ACE802278D2ADA0027BD9A /* RocketXsLaunchiOSTests.xctest */,
			);
			name = Products;
			sourceTree = "<group>";
		};
		A18ACE6C2789B55F0004A3FE /* RocketXsLaunch */ = {
			isa = PBXGroup;
			children = (
				A13BAD85278AB3FF0033FC8E /* RemoteLoad */,
				A18ACE852789FFB20004A3FE /* Launch */,
			);
			path = RocketXsLaunch;
			sourceTree = "<group>";
		};
		A18ACE762789B5600004A3FE /* RocketXsLaunchTests */ = {
			isa = PBXGroup;
			children = (
				A1644A66278BCC680071FF81 /* Helper */,
				A18ACE822789B70F0004A3FE /* Launch */,
				A13BAD83278A13110033FC8E /* RemoteLoaderTests.swift */,
				A13BAD8C278AC8130033FC8E /* HTTPClientWrapperTests.swift */,
			);
			path = RocketXsLaunchTests;
			sourceTree = "<group>";
		};
		A18ACE822789B70F0004A3FE /* Launch */ = {
			isa = PBXGroup;
			children = (
				A18ACE832789BEFA0004A3FE /* LaunchTests.swift */,
				A166E83E278C2945001DF5C5 /* LaunchAPIModelMapper.swift */,
				A1644A64278BBF770071FF81 /* LaunchMapperTests.swift */,
			);
			path = Launch;
			sourceTree = "<group>";
		};
		A18ACE852789FFB20004A3FE /* Launch */ = {
			isa = PBXGroup;
			children = (
				A18ACE862789FFE40004A3FE /* Launch.swift */,
			);
			path = Launch;
			sourceTree = "<group>";
		};
		A1ACE7FC278D2ADA0027BD9A /* RocketXsLaunchiOS */ = {
			isa = PBXGroup;
			children = (
				A1CA92C7278E1086005A9570 /* LaunchDetails */,
				A1CA9294278DE1D2005A9570 /* Launches */,
			);
			path = RocketXsLaunchiOS;
			sourceTree = "<group>";
		};
		A1ACE806278D2ADA0027BD9A /* RocketXsLaunchiOSTests */ = {
			isa = PBXGroup;
			children = (
				A1CA929D278DFB71005A9570 /* Helper */,
				A1ACE807278D2ADA0027BD9A /* RocketXsLaunchiOSTests.swift */,
			);
			path = RocketXsLaunchiOSTests;
			sourceTree = "<group>";
		};
		A1CA9294278DE1D2005A9570 /* Launches */ = {
			isa = PBXGroup;
			children = (
				A1CA9295278DE1DD005A9570 /* Launches.storyboard */,
				A1CA9297278DE206005A9570 /* LaunchesViewController.swift */,
				A1CA92A2278E06A1005A9570 /* LaunchViewModel.swift */,
				A1CA92A0278DFEAE005A9570 /* LaunchTableViewCell.swift */,
			);
			path = Launches;
			sourceTree = "<group>";
		};
		A1CA929D278DFB71005A9570 /* Helper */ = {
			isa = PBXGroup;
			children = (
				A1CA9299278DE996005A9570 /* Helper.swift */,
				A1CA929E278DFB9A005A9570 /* LoaderSpy.swift */,
			);
			path = Helper;
			sourceTree = "<group>";
		};
		A1CA92C7278E1086005A9570 /* LaunchDetails */ = {
			isa = PBXGroup;
			children = (
				A1CA92C8278E10A5005A9570 /* RocketDetailsViewController.swift */,
			);
			path = LaunchDetails;
			sourceTree = "<group>";
		};
/* End PBXGroup section */

/* Begin PBXHeadersBuildPhase section */
		A18ACE652789B55F0004A3FE /* Headers */ = {
			isa = PBXHeadersBuildPhase;
			buildActionMask = 2147483647;
			files = (
			);
			runOnlyForDeploymentPostprocessing = 0;
		};
		A1ACE7F6278D2ADA0027BD9A /* Headers */ = {
			isa = PBXHeadersBuildPhase;
			buildActionMask = 2147483647;
			files = (
			);
			runOnlyForDeploymentPostprocessing = 0;
		};
/* End PBXHeadersBuildPhase section */

/* Begin PBXNativeTarget section */
		A18ACE692789B55F0004A3FE /* RocketXsLaunch */ = {
			isa = PBXNativeTarget;
			buildConfigurationList = A18ACE7C2789B5600004A3FE /* Build configuration list for PBXNativeTarget "RocketXsLaunch" */;
			buildPhases = (
				0214CCBE0EA16FEC304294F5 /* [CP] Check Pods Manifest.lock */,
				A18ACE652789B55F0004A3FE /* Headers */,
				A18ACE662789B55F0004A3FE /* Sources */,
				A18ACE672789B55F0004A3FE /* Frameworks */,
				A18ACE682789B55F0004A3FE /* Resources */,
			);
			buildRules = (
			);
			dependencies = (
			);
			name = RocketXsLaunch;
			productName = RocketXsLaunch;
			productReference = A18ACE6A2789B55F0004A3FE /* RocketXsLaunch.framework */;
			productType = "com.apple.product-type.framework";
		};
		A18ACE712789B5600004A3FE /* RocketXsLaunchTests */ = {
			isa = PBXNativeTarget;
			buildConfigurationList = A18ACE7F2789B5600004A3FE /* Build configuration list for PBXNativeTarget "RocketXsLaunchTests" */;
			buildPhases = (
				B5F8C7D3882F1C835B2444B7 /* [CP] Check Pods Manifest.lock */,
				A18ACE6E2789B5600004A3FE /* Sources */,
				A18ACE6F2789B5600004A3FE /* Frameworks */,
				A18ACE702789B5600004A3FE /* Resources */,
				ADEB1215C3D3F8790009A2C3 /* [CP] Embed Pods Frameworks */,
			);
			buildRules = (
			);
			dependencies = (
				A18ACE752789B5600004A3FE /* PBXTargetDependency */,
			);
			name = RocketXsLaunchTests;
			productName = RocketXsLaunchTests;
			productReference = A18ACE722789B5600004A3FE /* RocketXsLaunchTests.xctest */;
			productType = "com.apple.product-type.bundle.unit-test";
		};
		A1ACE7FA278D2ADA0027BD9A /* RocketXsLaunchiOS */ = {
			isa = PBXNativeTarget;
			buildConfigurationList = A1ACE80E278D2ADB0027BD9A /* Build configuration list for PBXNativeTarget "RocketXsLaunchiOS" */;
			buildPhases = (
				F97C44E8F0D59BB92F3AC626 /* [CP] Check Pods Manifest.lock */,
				A1ACE7F6278D2ADA0027BD9A /* Headers */,
				A1ACE7F7278D2ADA0027BD9A /* Sources */,
				A1ACE7F8278D2ADA0027BD9A /* Frameworks */,
				A1ACE7F9278D2ADA0027BD9A /* Resources */,
				A18E83B3278D8B5300D8CDE5 /* Embed Frameworks */,
			);
			buildRules = (
			);
			dependencies = (
				A180FEF1278DBF0600990F95 /* PBXTargetDependency */,
			);
			name = RocketXsLaunchiOS;
			productName = RocketXsLaunchiOS;
			productReference = A1ACE7FB278D2ADA0027BD9A /* RocketXsLaunchiOS.framework */;
			productType = "com.apple.product-type.framework";
		};
		A1ACE801278D2ADA0027BD9A /* RocketXsLaunchiOSTests */ = {
			isa = PBXNativeTarget;
			buildConfigurationList = A1ACE80F278D2ADB0027BD9A /* Build configuration list for PBXNativeTarget "RocketXsLaunchiOSTests" */;
			buildPhases = (
				6C9B2F735ECC1987DFE6EF22 /* [CP] Check Pods Manifest.lock */,
				A1ACE7FE278D2ADA0027BD9A /* Sources */,
				A1ACE7FF278D2ADA0027BD9A /* Frameworks */,
				A1ACE800278D2ADA0027BD9A /* Resources */,
				9D389BA917E2F5805A9D8910 /* [CP] Embed Pods Frameworks */,
			);
			buildRules = (
			);
			dependencies = (
				A1ACE805278D2ADA0027BD9A /* PBXTargetDependency */,
			);
			name = RocketXsLaunchiOSTests;
			productName = RocketXsLaunchiOSTests;
			productReference = A1ACE802278D2ADA0027BD9A /* RocketXsLaunchiOSTests.xctest */;
			productType = "com.apple.product-type.bundle.unit-test";
		};
/* End PBXNativeTarget section */

/* Begin PBXProject section */
		A18ACE612789B55F0004A3FE /* Project object */ = {
			isa = PBXProject;
			attributes = {
				BuildIndependentTargetsInParallel = 1;
				LastSwiftUpdateCheck = 1300;
				LastUpgradeCheck = 1300;
				TargetAttributes = {
					A18ACE692789B55F0004A3FE = {
						CreatedOnToolsVersion = 13.0;
						LastSwiftMigration = 1300;
					};
					A18ACE712789B5600004A3FE = {
						CreatedOnToolsVersion = 13.0;
						LastSwiftMigration = 1300;
					};
					A1ACE7FA278D2ADA0027BD9A = {
						CreatedOnToolsVersion = 13.0;
						LastSwiftMigration = 1300;
					};
					A1ACE801278D2ADA0027BD9A = {
						CreatedOnToolsVersion = 13.0;
					};
				};
			};
			buildConfigurationList = A18ACE642789B55F0004A3FE /* Build configuration list for PBXProject "RocketXsLaunch" */;
			compatibilityVersion = "Xcode 13.0";
			developmentRegion = en;
			hasScannedForEncodings = 0;
			knownRegions = (
				en,
				Base,
			);
			mainGroup = A18ACE602789B55F0004A3FE;
			productRefGroup = A18ACE6B2789B55F0004A3FE /* Products */;
			projectDirPath = "";
			projectRoot = "";
			targets = (
				A18ACE692789B55F0004A3FE /* RocketXsLaunch */,
				A18ACE712789B5600004A3FE /* RocketXsLaunchTests */,
				A1ACE7FA278D2ADA0027BD9A /* RocketXsLaunchiOS */,
				A1ACE801278D2ADA0027BD9A /* RocketXsLaunchiOSTests */,
			);
		};
/* End PBXProject section */

/* Begin PBXResourcesBuildPhase section */
		A18ACE682789B55F0004A3FE /* Resources */ = {
			isa = PBXResourcesBuildPhase;
			buildActionMask = 2147483647;
			files = (
			);
			runOnlyForDeploymentPostprocessing = 0;
		};
		A18ACE702789B5600004A3FE /* Resources */ = {
			isa = PBXResourcesBuildPhase;
			buildActionMask = 2147483647;
			files = (
			);
			runOnlyForDeploymentPostprocessing = 0;
		};
		A1ACE7F9278D2ADA0027BD9A /* Resources */ = {
			isa = PBXResourcesBuildPhase;
			buildActionMask = 2147483647;
			files = (
				A1CA9296278DE1DD005A9570 /* Launches.storyboard in Resources */,
			);
			runOnlyForDeploymentPostprocessing = 0;
		};
		A1ACE800278D2ADA0027BD9A /* Resources */ = {
			isa = PBXResourcesBuildPhase;
			buildActionMask = 2147483647;
			files = (
			);
			runOnlyForDeploymentPostprocessing = 0;
		};
/* End PBXResourcesBuildPhase section */

/* Begin PBXShellScriptBuildPhase section */
		0214CCBE0EA16FEC304294F5 /* [CP] Check Pods Manifest.lock */ = {
			isa = PBXShellScriptBuildPhase;
			buildActionMask = 2147483647;
			files = (
			);
			inputFileListPaths = (
			);
			inputPaths = (
				"${PODS_PODFILE_DIR_PATH}/Podfile.lock",
				"${PODS_ROOT}/Manifest.lock",
			);
			name = "[CP] Check Pods Manifest.lock";
			outputFileListPaths = (
			);
			outputPaths = (
				"$(DERIVED_FILE_DIR)/Pods-RocketXsLaunch-checkManifestLockResult.txt",
			);
			runOnlyForDeploymentPostprocessing = 0;
			shellPath = /bin/sh;
			shellScript = "diff \"${PODS_PODFILE_DIR_PATH}/Podfile.lock\" \"${PODS_ROOT}/Manifest.lock\" > /dev/null\nif [ $? != 0 ] ; then\n    # print error to STDERR\n    echo \"error: The sandbox is not in sync with the Podfile.lock. Run 'pod install' or update your CocoaPods installation.\" >&2\n    exit 1\nfi\n# This output is used by Xcode 'outputs' to avoid re-running this script phase.\necho \"SUCCESS\" > \"${SCRIPT_OUTPUT_FILE_0}\"\n";
			showEnvVarsInLog = 0;
		};
		6C9B2F735ECC1987DFE6EF22 /* [CP] Check Pods Manifest.lock */ = {
			isa = PBXShellScriptBuildPhase;
			buildActionMask = 2147483647;
			files = (
			);
			inputFileListPaths = (
			);
			inputPaths = (
				"${PODS_PODFILE_DIR_PATH}/Podfile.lock",
				"${PODS_ROOT}/Manifest.lock",
			);
			name = "[CP] Check Pods Manifest.lock";
			outputFileListPaths = (
			);
			outputPaths = (
				"$(DERIVED_FILE_DIR)/Pods-RocketXsLaunchiOS-RocketXsLaunchiOSTests-checkManifestLockResult.txt",
			);
			runOnlyForDeploymentPostprocessing = 0;
			shellPath = /bin/sh;
			shellScript = "diff \"${PODS_PODFILE_DIR_PATH}/Podfile.lock\" \"${PODS_ROOT}/Manifest.lock\" > /dev/null\nif [ $? != 0 ] ; then\n    # print error to STDERR\n    echo \"error: The sandbox is not in sync with the Podfile.lock. Run 'pod install' or update your CocoaPods installation.\" >&2\n    exit 1\nfi\n# This output is used by Xcode 'outputs' to avoid re-running this script phase.\necho \"SUCCESS\" > \"${SCRIPT_OUTPUT_FILE_0}\"\n";
			showEnvVarsInLog = 0;
		};
		9D389BA917E2F5805A9D8910 /* [CP] Embed Pods Frameworks */ = {
			isa = PBXShellScriptBuildPhase;
			buildActionMask = 2147483647;
			files = (
			);
			inputFileListPaths = (
				"${PODS_ROOT}/Target Support Files/Pods-RocketXsLaunchiOS-RocketXsLaunchiOSTests/Pods-RocketXsLaunchiOS-RocketXsLaunchiOSTests-frameworks-${CONFIGURATION}-input-files.xcfilelist",
			);
			name = "[CP] Embed Pods Frameworks";
			outputFileListPaths = (
				"${PODS_ROOT}/Target Support Files/Pods-RocketXsLaunchiOS-RocketXsLaunchiOSTests/Pods-RocketXsLaunchiOS-RocketXsLaunchiOSTests-frameworks-${CONFIGURATION}-output-files.xcfilelist",
			);
			runOnlyForDeploymentPostprocessing = 0;
			shellPath = /bin/sh;
			shellScript = "\"${PODS_ROOT}/Target Support Files/Pods-RocketXsLaunchiOS-RocketXsLaunchiOSTests/Pods-RocketXsLaunchiOS-RocketXsLaunchiOSTests-frameworks.sh\"\n";
			showEnvVarsInLog = 0;
		};
		ADEB1215C3D3F8790009A2C3 /* [CP] Embed Pods Frameworks */ = {
			isa = PBXShellScriptBuildPhase;
			buildActionMask = 2147483647;
			files = (
			);
			inputFileListPaths = (
				"${PODS_ROOT}/Target Support Files/Pods-RocketXsLaunch-RocketXsLaunchTests/Pods-RocketXsLaunch-RocketXsLaunchTests-frameworks-${CONFIGURATION}-input-files.xcfilelist",
			);
			name = "[CP] Embed Pods Frameworks";
			outputFileListPaths = (
				"${PODS_ROOT}/Target Support Files/Pods-RocketXsLaunch-RocketXsLaunchTests/Pods-RocketXsLaunch-RocketXsLaunchTests-frameworks-${CONFIGURATION}-output-files.xcfilelist",
			);
			runOnlyForDeploymentPostprocessing = 0;
			shellPath = /bin/sh;
			shellScript = "\"${PODS_ROOT}/Target Support Files/Pods-RocketXsLaunch-RocketXsLaunchTests/Pods-RocketXsLaunch-RocketXsLaunchTests-frameworks.sh\"\n";
			showEnvVarsInLog = 0;
		};
		B5F8C7D3882F1C835B2444B7 /* [CP] Check Pods Manifest.lock */ = {
			isa = PBXShellScriptBuildPhase;
			buildActionMask = 2147483647;
			files = (
			);
			inputFileListPaths = (
			);
			inputPaths = (
				"${PODS_PODFILE_DIR_PATH}/Podfile.lock",
				"${PODS_ROOT}/Manifest.lock",
			);
			name = "[CP] Check Pods Manifest.lock";
			outputFileListPaths = (
			);
			outputPaths = (
				"$(DERIVED_FILE_DIR)/Pods-RocketXsLaunch-RocketXsLaunchTests-checkManifestLockResult.txt",
			);
			runOnlyForDeploymentPostprocessing = 0;
			shellPath = /bin/sh;
			shellScript = "diff \"${PODS_PODFILE_DIR_PATH}/Podfile.lock\" \"${PODS_ROOT}/Manifest.lock\" > /dev/null\nif [ $? != 0 ] ; then\n    # print error to STDERR\n    echo \"error: The sandbox is not in sync with the Podfile.lock. Run 'pod install' or update your CocoaPods installation.\" >&2\n    exit 1\nfi\n# This output is used by Xcode 'outputs' to avoid re-running this script phase.\necho \"SUCCESS\" > \"${SCRIPT_OUTPUT_FILE_0}\"\n";
			showEnvVarsInLog = 0;
		};
		F97C44E8F0D59BB92F3AC626 /* [CP] Check Pods Manifest.lock */ = {
			isa = PBXShellScriptBuildPhase;
			buildActionMask = 2147483647;
			files = (
			);
			inputFileListPaths = (
			);
			inputPaths = (
				"${PODS_PODFILE_DIR_PATH}/Podfile.lock",
				"${PODS_ROOT}/Manifest.lock",
			);
			name = "[CP] Check Pods Manifest.lock";
			outputFileListPaths = (
			);
			outputPaths = (
				"$(DERIVED_FILE_DIR)/Pods-RocketXsLaunchiOS-checkManifestLockResult.txt",
			);
			runOnlyForDeploymentPostprocessing = 0;
			shellPath = /bin/sh;
			shellScript = "diff \"${PODS_PODFILE_DIR_PATH}/Podfile.lock\" \"${PODS_ROOT}/Manifest.lock\" > /dev/null\nif [ $? != 0 ] ; then\n    # print error to STDERR\n    echo \"error: The sandbox is not in sync with the Podfile.lock. Run 'pod install' or update your CocoaPods installation.\" >&2\n    exit 1\nfi\n# This output is used by Xcode 'outputs' to avoid re-running this script phase.\necho \"SUCCESS\" > \"${SCRIPT_OUTPUT_FILE_0}\"\n";
			showEnvVarsInLog = 0;
		};
/* End PBXShellScriptBuildPhase section */

/* Begin PBXSourcesBuildPhase section */
		A18ACE662789B55F0004A3FE /* Sources */ = {
			isa = PBXSourcesBuildPhase;
			buildActionMask = 2147483647;
			files = (
				A13BAD87278AB4220033FC8E /* HTTPClient.swift in Sources */,
				A13BAD89278AB4AC0033FC8E /* RemoteLoader.swift in Sources */,
				A1CA929C278DFAD2005A9570 /* Loader.swift in Sources */,
				A166E83D278C21EA001DF5C5 /* LaunchAPIModel.swift in Sources */,
				A13BAD8F278ACA930033FC8E /* HTTPClientWrapper.swift in Sources */,
				A18ACE872789FFE40004A3FE /* Launch.swift in Sources */,
			);
			runOnlyForDeploymentPostprocessing = 0;
		};
		A18ACE6E2789B5600004A3FE /* Sources */ = {
			isa = PBXSourcesBuildPhase;
			buildActionMask = 2147483647;
			files = (
				A13BAD84278A13110033FC8E /* RemoteLoaderTests.swift in Sources */,
				A1644A68278BCC9B0071FF81 /* HTTPClientSpy.swift in Sources */,
				A1644A65278BBF770071FF81 /* LaunchMapperTests.swift in Sources */,
				A166E83F278C2945001DF5C5 /* LaunchAPIModelMapper.swift in Sources */,
				A18ACE842789BEFA0004A3FE /* LaunchTests.swift in Sources */,
				A1644A63278BBB730071FF81 /* XCTTestCase+MemoryTracking.swift in Sources */,
				A13BAD8D278AC8130033FC8E /* HTTPClientWrapperTests.swift in Sources */,
			);
			runOnlyForDeploymentPostprocessing = 0;
		};
		A1ACE7F7278D2ADA0027BD9A /* Sources */ = {
			isa = PBXSourcesBuildPhase;
			buildActionMask = 2147483647;
			files = (
				A1CA92C9278E10A5005A9570 /* RocketDetailsViewController.swift in Sources */,
				A1CA92A1278DFEAE005A9570 /* LaunchTableViewCell.swift in Sources */,
				A1CA9298278DE206005A9570 /* LaunchesViewController.swift in Sources */,
				A1CA92A3278E06A1005A9570 /* LaunchViewModel.swift in Sources */,
			);
			runOnlyForDeploymentPostprocessing = 0;
		};
		A1ACE7FE278D2ADA0027BD9A /* Sources */ = {
			isa = PBXSourcesBuildPhase;
			buildActionMask = 2147483647;
			files = (
				A1CA929F278DFB9A005A9570 /* LoaderSpy.swift in Sources */,
				A1ACE808278D2ADA0027BD9A /* RocketXsLaunchiOSTests.swift in Sources */,
				A1CA929A278DE996005A9570 /* Helper.swift in Sources */,
			);
			runOnlyForDeploymentPostprocessing = 0;
		};
/* End PBXSourcesBuildPhase section */

/* Begin PBXTargetDependency section */
		A180FEF1278DBF0600990F95 /* PBXTargetDependency */ = {
			isa = PBXTargetDependency;
			target = A18ACE692789B55F0004A3FE /* RocketXsLaunch */;
			targetProxy = A180FEF0278DBF0600990F95 /* PBXContainerItemProxy */;
		};
		A18ACE752789B5600004A3FE /* PBXTargetDependency */ = {
			isa = PBXTargetDependency;
			target = A18ACE692789B55F0004A3FE /* RocketXsLaunch */;
			targetProxy = A18ACE742789B5600004A3FE /* PBXContainerItemProxy */;
		};
		A1ACE805278D2ADA0027BD9A /* PBXTargetDependency */ = {
			isa = PBXTargetDependency;
			target = A1ACE7FA278D2ADA0027BD9A /* RocketXsLaunchiOS */;
			targetProxy = A1ACE804278D2ADA0027BD9A /* PBXContainerItemProxy */;
		};
/* End PBXTargetDependency section */

/* Begin XCBuildConfiguration section */
		A18ACE7A2789B5600004A3FE /* Debug */ = {
			isa = XCBuildConfiguration;
			buildSettings = {
				ALWAYS_SEARCH_USER_PATHS = NO;
				CLANG_ANALYZER_NONNULL = YES;
				CLANG_ANALYZER_NUMBER_OBJECT_CONVERSION = YES_AGGRESSIVE;
				CLANG_CXX_LANGUAGE_STANDARD = "gnu++17";
				CLANG_CXX_LIBRARY = "libc++";
				CLANG_ENABLE_MODULES = YES;
				CLANG_ENABLE_OBJC_ARC = YES;
				CLANG_ENABLE_OBJC_WEAK = YES;
				CLANG_WARN_BLOCK_CAPTURE_AUTORELEASING = YES;
				CLANG_WARN_BOOL_CONVERSION = YES;
				CLANG_WARN_COMMA = YES;
				CLANG_WARN_CONSTANT_CONVERSION = YES;
				CLANG_WARN_DEPRECATED_OBJC_IMPLEMENTATIONS = YES;
				CLANG_WARN_DIRECT_OBJC_ISA_USAGE = YES_ERROR;
				CLANG_WARN_DOCUMENTATION_COMMENTS = YES;
				CLANG_WARN_EMPTY_BODY = YES;
				CLANG_WARN_ENUM_CONVERSION = YES;
				CLANG_WARN_INFINITE_RECURSION = YES;
				CLANG_WARN_INT_CONVERSION = YES;
				CLANG_WARN_NON_LITERAL_NULL_CONVERSION = YES;
				CLANG_WARN_OBJC_IMPLICIT_RETAIN_SELF = YES;
				CLANG_WARN_OBJC_LITERAL_CONVERSION = YES;
				CLANG_WARN_OBJC_ROOT_CLASS = YES_ERROR;
				CLANG_WARN_QUOTED_INCLUDE_IN_FRAMEWORK_HEADER = YES;
				CLANG_WARN_RANGE_LOOP_ANALYSIS = YES;
				CLANG_WARN_STRICT_PROTOTYPES = YES;
				CLANG_WARN_SUSPICIOUS_MOVE = YES;
				CLANG_WARN_UNGUARDED_AVAILABILITY = YES_AGGRESSIVE;
				CLANG_WARN_UNREACHABLE_CODE = YES;
				CLANG_WARN__DUPLICATE_METHOD_MATCH = YES;
				COPY_PHASE_STRIP = NO;
				CURRENT_PROJECT_VERSION = 1;
				DEBUG_INFORMATION_FORMAT = dwarf;
				ENABLE_STRICT_OBJC_MSGSEND = YES;
				ENABLE_TESTABILITY = YES;
				GCC_C_LANGUAGE_STANDARD = gnu11;
				GCC_DYNAMIC_NO_PIC = NO;
				GCC_NO_COMMON_BLOCKS = YES;
				GCC_OPTIMIZATION_LEVEL = 0;
				GCC_PREPROCESSOR_DEFINITIONS = (
					"DEBUG=1",
					"$(inherited)",
				);
				GCC_WARN_64_TO_32_BIT_CONVERSION = YES;
				GCC_WARN_ABOUT_RETURN_TYPE = YES_ERROR;
				GCC_WARN_UNDECLARED_SELECTOR = YES;
				GCC_WARN_UNINITIALIZED_AUTOS = YES_AGGRESSIVE;
				GCC_WARN_UNUSED_FUNCTION = YES;
				GCC_WARN_UNUSED_VARIABLE = YES;
				MACOSX_DEPLOYMENT_TARGET = 11.3;
				MTL_ENABLE_DEBUG_INFO = INCLUDE_SOURCE;
				MTL_FAST_MATH = YES;
				ONLY_ACTIVE_ARCH = YES;
				SDKROOT = iphoneos;
				SWIFT_ACTIVE_COMPILATION_CONDITIONS = DEBUG;
				SWIFT_OPTIMIZATION_LEVEL = "-Onone";
				VERSIONING_SYSTEM = "apple-generic";
				VERSION_INFO_PREFIX = "";
			};
			name = Debug;
		};
		A18ACE7B2789B5600004A3FE /* Release */ = {
			isa = XCBuildConfiguration;
			buildSettings = {
				ALWAYS_SEARCH_USER_PATHS = NO;
				CLANG_ANALYZER_NONNULL = YES;
				CLANG_ANALYZER_NUMBER_OBJECT_CONVERSION = YES_AGGRESSIVE;
				CLANG_CXX_LANGUAGE_STANDARD = "gnu++17";
				CLANG_CXX_LIBRARY = "libc++";
				CLANG_ENABLE_MODULES = YES;
				CLANG_ENABLE_OBJC_ARC = YES;
				CLANG_ENABLE_OBJC_WEAK = YES;
				CLANG_WARN_BLOCK_CAPTURE_AUTORELEASING = YES;
				CLANG_WARN_BOOL_CONVERSION = YES;
				CLANG_WARN_COMMA = YES;
				CLANG_WARN_CONSTANT_CONVERSION = YES;
				CLANG_WARN_DEPRECATED_OBJC_IMPLEMENTATIONS = YES;
				CLANG_WARN_DIRECT_OBJC_ISA_USAGE = YES_ERROR;
				CLANG_WARN_DOCUMENTATION_COMMENTS = YES;
				CLANG_WARN_EMPTY_BODY = YES;
				CLANG_WARN_ENUM_CONVERSION = YES;
				CLANG_WARN_INFINITE_RECURSION = YES;
				CLANG_WARN_INT_CONVERSION = YES;
				CLANG_WARN_NON_LITERAL_NULL_CONVERSION = YES;
				CLANG_WARN_OBJC_IMPLICIT_RETAIN_SELF = YES;
				CLANG_WARN_OBJC_LITERAL_CONVERSION = YES;
				CLANG_WARN_OBJC_ROOT_CLASS = YES_ERROR;
				CLANG_WARN_QUOTED_INCLUDE_IN_FRAMEWORK_HEADER = YES;
				CLANG_WARN_RANGE_LOOP_ANALYSIS = YES;
				CLANG_WARN_STRICT_PROTOTYPES = YES;
				CLANG_WARN_SUSPICIOUS_MOVE = YES;
				CLANG_WARN_UNGUARDED_AVAILABILITY = YES_AGGRESSIVE;
				CLANG_WARN_UNREACHABLE_CODE = YES;
				CLANG_WARN__DUPLICATE_METHOD_MATCH = YES;
				COPY_PHASE_STRIP = NO;
				CURRENT_PROJECT_VERSION = 1;
				DEBUG_INFORMATION_FORMAT = "dwarf-with-dsym";
				ENABLE_NS_ASSERTIONS = NO;
				ENABLE_STRICT_OBJC_MSGSEND = YES;
				GCC_C_LANGUAGE_STANDARD = gnu11;
				GCC_NO_COMMON_BLOCKS = YES;
				GCC_WARN_64_TO_32_BIT_CONVERSION = YES;
				GCC_WARN_ABOUT_RETURN_TYPE = YES_ERROR;
				GCC_WARN_UNDECLARED_SELECTOR = YES;
				GCC_WARN_UNINITIALIZED_AUTOS = YES_AGGRESSIVE;
				GCC_WARN_UNUSED_FUNCTION = YES;
				GCC_WARN_UNUSED_VARIABLE = YES;
				MACOSX_DEPLOYMENT_TARGET = 11.3;
				MTL_ENABLE_DEBUG_INFO = NO;
				MTL_FAST_MATH = YES;
				SDKROOT = iphoneos;
				SWIFT_COMPILATION_MODE = wholemodule;
				SWIFT_OPTIMIZATION_LEVEL = "-O";
				VERSIONING_SYSTEM = "apple-generic";
				VERSION_INFO_PREFIX = "";
			};
			name = Release;
		};
		A18ACE7D2789B5600004A3FE /* Debug */ = {
			isa = XCBuildConfiguration;
			baseConfigurationReference = 8A9398692A8533FEF5BCDC6A /* Pods-RocketXsLaunch.debug.xcconfig */;
			buildSettings = {
				APPLICATION_EXTENSION_API_ONLY = NO;
				CLANG_ENABLE_MODULES = YES;
				CODE_SIGN_IDENTITY = "Apple Development";
				CODE_SIGN_STYLE = Manual;
				COMBINE_HIDPI_IMAGES = YES;
				CURRENT_PROJECT_VERSION = 1;
				DEFINES_MODULE = YES;
				DEVELOPMENT_TEAM = "";
				DYLIB_COMPATIBILITY_VERSION = 1;
				DYLIB_CURRENT_VERSION = 1;
				DYLIB_INSTALL_NAME_BASE = "@rpath";
				GENERATE_INFOPLIST_FILE = YES;
				INFOPLIST_KEY_NSHumanReadableCopyright = "";
				INSTALL_PATH = "$(LOCAL_LIBRARY_DIR)/Frameworks";
				LD_RUNPATH_SEARCH_PATHS = (
					"$(inherited)",
					"@executable_path/../Frameworks",
					"@loader_path/Frameworks",
				);
				MARKETING_VERSION = 1.0;
				PRODUCT_BUNDLE_IDENTIFIER = shadmazumder.RocketXsLaunch;
				PRODUCT_NAME = "$(TARGET_NAME:c99extidentifier)";
				PROVISIONING_PROFILE_SPECIFIER = "";
				"PROVISIONING_PROFILE_SPECIFIER[sdk=macosx*]" = "";
				SKIP_INSTALL = YES;
				SWIFT_EMIT_LOC_STRINGS = YES;
				SWIFT_OPTIMIZATION_LEVEL = "-Onone";
				SWIFT_VERSION = 5.0;
			};
			name = Debug;
		};
		A18ACE7E2789B5600004A3FE /* Release */ = {
			isa = XCBuildConfiguration;
			baseConfigurationReference = 8C9991978F081C1F7A473C73 /* Pods-RocketXsLaunch.release.xcconfig */;
			buildSettings = {
				APPLICATION_EXTENSION_API_ONLY = NO;
				CLANG_ENABLE_MODULES = YES;
				CODE_SIGN_STYLE = Manual;
				COMBINE_HIDPI_IMAGES = YES;
				CURRENT_PROJECT_VERSION = 1;
				DEFINES_MODULE = YES;
				DEVELOPMENT_TEAM = "";
				DYLIB_COMPATIBILITY_VERSION = 1;
				DYLIB_CURRENT_VERSION = 1;
				DYLIB_INSTALL_NAME_BASE = "@rpath";
				GENERATE_INFOPLIST_FILE = YES;
				INFOPLIST_KEY_NSHumanReadableCopyright = "";
				INSTALL_PATH = "$(LOCAL_LIBRARY_DIR)/Frameworks";
				LD_RUNPATH_SEARCH_PATHS = (
					"$(inherited)",
					"@executable_path/../Frameworks",
					"@loader_path/Frameworks",
				);
				MARKETING_VERSION = 1.0;
				PRODUCT_BUNDLE_IDENTIFIER = shadmazumder.RocketXsLaunch;
				PRODUCT_NAME = "$(TARGET_NAME:c99extidentifier)";
				PROVISIONING_PROFILE_SPECIFIER = "";
				"PROVISIONING_PROFILE_SPECIFIER[sdk=macosx*]" = "";
				SKIP_INSTALL = YES;
				SWIFT_EMIT_LOC_STRINGS = YES;
				SWIFT_VERSION = 5.0;
			};
			name = Release;
		};
		A18ACE802789B5600004A3FE /* Debug */ = {
			isa = XCBuildConfiguration;
			baseConfigurationReference = 07F4218A6E479DAC88E3E4EA /* Pods-RocketXsLaunch-RocketXsLaunchTests.debug.xcconfig */;
			buildSettings = {
				CLANG_ENABLE_MODULES = YES;
				"CODE_SIGN_IDENTITY[sdk=macosx*]" = "-";
				CODE_SIGN_STYLE = Manual;
				COMBINE_HIDPI_IMAGES = YES;
				CURRENT_PROJECT_VERSION = 1;
				DEVELOPMENT_TEAM = "";
				GENERATE_INFOPLIST_FILE = YES;
				LD_RUNPATH_SEARCH_PATHS = (
					"$(inherited)",
					"@executable_path/../Frameworks",
					"@loader_path/../Frameworks",
				);
				MARKETING_VERSION = 1.0;
				PRODUCT_BUNDLE_IDENTIFIER = shadmazumder.RocketXsLaunchTests;
				PRODUCT_NAME = "$(TARGET_NAME)";
				PROVISIONING_PROFILE_SPECIFIER = "";
				"PROVISIONING_PROFILE_SPECIFIER[sdk=macosx*]" = "";
				SWIFT_EMIT_LOC_STRINGS = NO;
				SWIFT_OPTIMIZATION_LEVEL = "-Onone";
				SWIFT_VERSION = 5.0;
			};
			name = Debug;
		};
		A18ACE812789B5600004A3FE /* Release */ = {
			isa = XCBuildConfiguration;
			baseConfigurationReference = 159631CABF4930774B202CB4 /* Pods-RocketXsLaunch-RocketXsLaunchTests.release.xcconfig */;
			buildSettings = {
				CLANG_ENABLE_MODULES = YES;
				CODE_SIGN_STYLE = Automatic;
				COMBINE_HIDPI_IMAGES = YES;
				CURRENT_PROJECT_VERSION = 1;
				GENERATE_INFOPLIST_FILE = YES;
				LD_RUNPATH_SEARCH_PATHS = (
					"$(inherited)",
					"@executable_path/../Frameworks",
					"@loader_path/../Frameworks",
				);
				MARKETING_VERSION = 1.0;
				PRODUCT_BUNDLE_IDENTIFIER = shadmazumder.RocketXsLaunchTests;
				PRODUCT_NAME = "$(TARGET_NAME)";
				SWIFT_EMIT_LOC_STRINGS = NO;
				SWIFT_VERSION = 5.0;
			};
			name = Release;
		};
		A1ACE80A278D2ADB0027BD9A /* Debug */ = {
			isa = XCBuildConfiguration;
			baseConfigurationReference = 346EF52D7ED92E59399F5B58 /* Pods-RocketXsLaunchiOS.debug.xcconfig */;
			buildSettings = {
				CLANG_ENABLE_MODULES = YES;
				CODE_SIGN_IDENTITY = "";
				"CODE_SIGN_IDENTITY[sdk=macosx*]" = "-";
				CODE_SIGN_STYLE = Manual;
				CURRENT_PROJECT_VERSION = 1;
				DEFINES_MODULE = YES;
				DEVELOPMENT_TEAM = "";
				DYLIB_COMPATIBILITY_VERSION = 1;
				DYLIB_CURRENT_VERSION = 1;
				DYLIB_INSTALL_NAME_BASE = "@rpath";
				GENERATE_INFOPLIST_FILE = YES;
				INFOPLIST_KEY_NSHumanReadableCopyright = "";
				INSTALL_PATH = "$(LOCAL_LIBRARY_DIR)/Frameworks";
				IPHONEOS_DEPLOYMENT_TARGET = 15.0;
				LD_RUNPATH_SEARCH_PATHS = (
					"$(inherited)",
					"@executable_path/Frameworks",
					"@loader_path/Frameworks",
				);
				MARKETING_VERSION = 1.0;
				PRODUCT_BUNDLE_IDENTIFIER = shadmazumder.RocketXsLaunchiOS;
				PRODUCT_NAME = "$(TARGET_NAME:c99extidentifier)";
				PROVISIONING_PROFILE_SPECIFIER = "";
				"PROVISIONING_PROFILE_SPECIFIER[sdk=macosx*]" = "";
				SDKROOT = iphoneos;
				SKIP_INSTALL = YES;
				SUPPORTS_MACCATALYST = YES;
				SWIFT_EMIT_LOC_STRINGS = YES;
				SWIFT_OPTIMIZATION_LEVEL = "-Onone";
				SWIFT_VERSION = 5.0;
				TARGETED_DEVICE_FAMILY = "1,2";
			};
			name = Debug;
		};
		A1ACE80B278D2ADB0027BD9A /* Release */ = {
			isa = XCBuildConfiguration;
			baseConfigurationReference = 4F18538059C42DD7364D6EF5 /* Pods-RocketXsLaunchiOS.release.xcconfig */;
			buildSettings = {
				CLANG_ENABLE_MODULES = YES;
				CODE_SIGN_IDENTITY = "";
				"CODE_SIGN_IDENTITY[sdk=macosx*]" = "-";
				CODE_SIGN_STYLE = Manual;
				CURRENT_PROJECT_VERSION = 1;
				DEFINES_MODULE = YES;
				DEVELOPMENT_TEAM = "";
				DYLIB_COMPATIBILITY_VERSION = 1;
				DYLIB_CURRENT_VERSION = 1;
				DYLIB_INSTALL_NAME_BASE = "@rpath";
				GENERATE_INFOPLIST_FILE = YES;
				INFOPLIST_KEY_NSHumanReadableCopyright = "";
				INSTALL_PATH = "$(LOCAL_LIBRARY_DIR)/Frameworks";
				IPHONEOS_DEPLOYMENT_TARGET = 15.0;
				LD_RUNPATH_SEARCH_PATHS = (
					"$(inherited)",
					"@executable_path/Frameworks",
					"@loader_path/Frameworks",
				);
				MARKETING_VERSION = 1.0;
				PRODUCT_BUNDLE_IDENTIFIER = shadmazumder.RocketXsLaunchiOS;
				PRODUCT_NAME = "$(TARGET_NAME:c99extidentifier)";
				PROVISIONING_PROFILE_SPECIFIER = "";
				"PROVISIONING_PROFILE_SPECIFIER[sdk=macosx*]" = "";
				SDKROOT = iphoneos;
				SKIP_INSTALL = YES;
				SUPPORTS_MACCATALYST = YES;
				SWIFT_EMIT_LOC_STRINGS = YES;
				SWIFT_VERSION = 5.0;
				TARGETED_DEVICE_FAMILY = "1,2";
				VALIDATE_PRODUCT = YES;
			};
			name = Release;
		};
		A1ACE80C278D2ADB0027BD9A /* Debug */ = {
			isa = XCBuildConfiguration;
			baseConfigurationReference = 140F8BA78564256E3DDA4C37 /* Pods-RocketXsLaunchiOS-RocketXsLaunchiOSTests.debug.xcconfig */;
			buildSettings = {
				ALWAYS_EMBED_SWIFT_STANDARD_LIBRARIES = YES;
				"CODE_SIGN_IDENTITY[sdk=macosx*]" = "-";
				CODE_SIGN_STYLE = Manual;
				CURRENT_PROJECT_VERSION = 1;
				DEVELOPMENT_TEAM = "";
				GENERATE_INFOPLIST_FILE = YES;
				IPHONEOS_DEPLOYMENT_TARGET = 15.0;
				LD_RUNPATH_SEARCH_PATHS = (
					"$(inherited)",
					"@executable_path/Frameworks",
					"@loader_path/Frameworks",
				);
				MARKETING_VERSION = 1.0;
				PRODUCT_BUNDLE_IDENTIFIER = shadmazumder.RocketXsLaunchiOSTests;
				PRODUCT_NAME = "$(TARGET_NAME)";
				PROVISIONING_PROFILE_SPECIFIER = "";
				"PROVISIONING_PROFILE_SPECIFIER[sdk=macosx*]" = "";
				SDKROOT = iphoneos;
				SWIFT_EMIT_LOC_STRINGS = NO;
				SWIFT_VERSION = 5.0;
				TARGETED_DEVICE_FAMILY = "1,2";
			};
			name = Debug;
		};
		A1ACE80D278D2ADB0027BD9A /* Release */ = {
			isa = XCBuildConfiguration;
			baseConfigurationReference = 472F9E88019A4F6513D37706 /* Pods-RocketXsLaunchiOS-RocketXsLaunchiOSTests.release.xcconfig */;
			buildSettings = {
				ALWAYS_EMBED_SWIFT_STANDARD_LIBRARIES = YES;
				"CODE_SIGN_IDENTITY[sdk=macosx*]" = "-";
				CODE_SIGN_STYLE = Manual;
				CURRENT_PROJECT_VERSION = 1;
				DEVELOPMENT_TEAM = "";
				GENERATE_INFOPLIST_FILE = YES;
				IPHONEOS_DEPLOYMENT_TARGET = 15.0;
				LD_RUNPATH_SEARCH_PATHS = (
					"$(inherited)",
					"@executable_path/Frameworks",
					"@loader_path/Frameworks",
				);
				MARKETING_VERSION = 1.0;
				PRODUCT_BUNDLE_IDENTIFIER = shadmazumder.RocketXsLaunchiOSTests;
				PRODUCT_NAME = "$(TARGET_NAME)";
				PROVISIONING_PROFILE_SPECIFIER = "";
				"PROVISIONING_PROFILE_SPECIFIER[sdk=macosx*]" = "";
				SDKROOT = iphoneos;
				SWIFT_EMIT_LOC_STRINGS = NO;
				SWIFT_VERSION = 5.0;
				TARGETED_DEVICE_FAMILY = "1,2";
				VALIDATE_PRODUCT = YES;
			};
			name = Release;
		};
/* End XCBuildConfiguration section */

/* Begin XCConfigurationList section */
		A18ACE642789B55F0004A3FE /* Build configuration list for PBXProject "RocketXsLaunch" */ = {
			isa = XCConfigurationList;
			buildConfigurations = (
				A18ACE7A2789B5600004A3FE /* Debug */,
				A18ACE7B2789B5600004A3FE /* Release */,
			);
			defaultConfigurationIsVisible = 0;
			defaultConfigurationName = Release;
		};
		A18ACE7C2789B5600004A3FE /* Build configuration list for PBXNativeTarget "RocketXsLaunch" */ = {
			isa = XCConfigurationList;
			buildConfigurations = (
				A18ACE7D2789B5600004A3FE /* Debug */,
				A18ACE7E2789B5600004A3FE /* Release */,
			);
			defaultConfigurationIsVisible = 0;
			defaultConfigurationName = Release;
		};
		A18ACE7F2789B5600004A3FE /* Build configuration list for PBXNativeTarget "RocketXsLaunchTests" */ = {
			isa = XCConfigurationList;
			buildConfigurations = (
				A18ACE802789B5600004A3FE /* Debug */,
				A18ACE812789B5600004A3FE /* Release */,
			);
			defaultConfigurationIsVisible = 0;
			defaultConfigurationName = Release;
		};
		A1ACE80E278D2ADB0027BD9A /* Build configuration list for PBXNativeTarget "RocketXsLaunchiOS" */ = {
			isa = XCConfigurationList;
			buildConfigurations = (
				A1ACE80A278D2ADB0027BD9A /* Debug */,
				A1ACE80B278D2ADB0027BD9A /* Release */,
			);
			defaultConfigurationIsVisible = 0;
			defaultConfigurationName = Release;
		};
		A1ACE80F278D2ADB0027BD9A /* Build configuration list for PBXNativeTarget "RocketXsLaunchiOSTests" */ = {
			isa = XCConfigurationList;
			buildConfigurations = (
				A1ACE80C278D2ADB0027BD9A /* Debug */,
				A1ACE80D278D2ADB0027BD9A /* Release */,
			);
			defaultConfigurationIsVisible = 0;
			defaultConfigurationName = Release;
		};
/* End XCConfigurationList section */
	};
	rootObject = A18ACE612789B55F0004A3FE /* Project object */;
}
